
Microsoft Visual Studio Solution File, Format Version 12.00
# Visual Studio Version 17
VisualStudioVersion = 17.6.33829.357
MinimumVisualStudioVersion = 10.0.40219.1
Project("{9A19103F-16F7-4668-BE54-9A1E7A4F7556}") = "Do.Net", "Do.Net\Do.Net.csproj", "{FCF3F448-0B98-4316-B698-FCFD4D278106}"
EndProject
Project("{FAE04EC0-301F-11D3-BF4B-00C04F79EFBC}") = "Packets", "Packets\Packets.csproj", "{D9A3AC1B-6524-49C4-98C4-DFEC3E5BF682}"
EndProject
Project("{FAE04EC0-301F-11D3-BF4B-00C04F79EFBC}") = "TestServer", "TestServer\TestServer.csproj", "{C1F900C2-FB11-4715-A4E3-F7E7BF0C6C6B}"
EndProject
Project("{FAE04EC0-301F-11D3-BF4B-00C04F79EFBC}") = "TestClient", "TestClient\TestClient.csproj", "{E7A7EF89-1B2B-4C13-B5AC-1624B9E1F346}"
EndProject
Global
	GlobalSection(SolutionConfigurationPlatforms) = preSolution
		Debug|Any CPU = Debug|Any CPU
		Release|Any CPU = Release|Any CPU
	EndGlobalSection
	GlobalSection(ProjectConfigurationPlatforms) = postSolution
		{FCF3F448-0B98-4316-B698-FCFD4D278106}.Debug|Any CPU.ActiveCfg = Debug|Any CPU
		{FCF3F448-0B98-4316-B698-FCFD4D278106}.Debug|Any CPU.Build.0 = Debug|Any CPU
		{FCF3F448-0B98-4316-B698-FCFD4D278106}.Release|Any CPU.ActiveCfg = Release|Any CPU
		{FCF3F448-0B98-4316-B698-FCFD4D278106}.Release|Any CPU.Build.0 = Release|Any CPU
		{D9A3AC1B-6524-49C4-98C4-DFEC3E5BF682}.Debug|Any CPU.ActiveCfg = Debug|Any CPU
		{D9A3AC1B-6524-49C4-98C4-DFEC3E5BF682}.Debug|Any CPU.Build.0 = Debug|Any CPU
		{D9A3AC1B-6524-49C4-98C4-DFEC3E5BF682}.Release|Any CPU.ActiveCfg = Release|Any CPU
		{D9A3AC1B-6524-49C4-98C4-DFEC3E5BF682}.Release|Any CPU.Build.0 = Release|Any CPU
		{C1F900C2-FB11-4715-A4E3-F7E7BF0C6C6B}.Debug|Any CPU.ActiveCfg = Debug|Any CPU
		{C1F900C2-FB11-4715-A4E3-F7E7BF0C6C6B}.Debug|Any CPU.Build.0 = Debug|Any CPU
		{C1F900C2-FB11-4715-A4E3-F7E7BF0C6C6B}.Release|Any CPU.ActiveCfg = Release|Any CPU
		{C1F900C2-FB11-4715-A4E3-F7E7BF0C6C6B}.Release|Any CPU.Build.0 = Release|Any CPU
		{E7A7EF89-1B2B-4C13-B5AC-1624B9E1F346}.Debug|Any CPU.ActiveCfg = Debug|Any CPU
		{E7A7EF89-1B2B-4C13-B5AC-1624B9E1F346}.Debug|Any CPU.Build.0 = Debug|Any CPU
		{E7A7EF89-1B2B-4C13-B5AC-1624B9E1F346}.Release|Any CPU.ActiveCfg = Release|Any CPU
		{E7A7EF89-1B2B-4C13-B5AC-1624B9E1F346}.Release|Any CPU.Build.0 = Release|Any CPU
	EndGlobalSection
	GlobalSection(SolutionProperties) = preSolution
		HideSolutionNode = FALSE
	EndGlobalSection
	GlobalSection(ExtensibilityGlobals) = postSolution
		SolutionGuid = {9E3D9B56-11AE-41EB-BD4F-A767CBCC62D7}
	EndGlobalSection
EndGlobal
